// !$*UTF8*$!
{
	archiveVersion = 1;
	classes = {
	};
	objectVersion = 50;
	objects = {

/* Begin PBXBuildFile section */
		800A2FFB217D3038002EC725 /* README.md in Resources */ = {isa = PBXBuildFile; fileRef = 800A2FFA217D3038002EC725 /* README.md */; };
		8033056A2171429100132604 /* GeneralPreferencesViewController.swift in Sources */ = {isa = PBXBuildFile; fileRef = 803305692171429100132604 /* GeneralPreferencesViewController.swift */; };
		8033056C217152AE00132604 /* Preferences.swift in Sources */ = {isa = PBXBuildFile; fileRef = 8033056B217152AE00132604 /* Preferences.swift */; };
		8033056E2171649C00132604 /* ColoredStatusView.swift in Sources */ = {isa = PBXBuildFile; fileRef = 8033056D2171649C00132604 /* ColoredStatusView.swift */; };
		803305702171796B00132604 /* PiHoleProxy.swift in Sources */ = {isa = PBXBuildFile; fileRef = 8033056F2171796B00132604 /* PiHoleProxy.swift */; };
		8046492121725E3A0028E457 /* Main.storyboard in Resources */ = {isa = PBXBuildFile; fileRef = 8046492021725E3A0028E457 /* Main.storyboard */; };
		804708D621A9EFB3008F2843 /* Sparkle.framework in Frameworks */ = {isa = PBXBuildFile; fileRef = 804708D521A9EFB3008F2843 /* Sparkle.framework */; };
		804708D721A9EFB3008F2843 /* Sparkle.framework in Embed Frameworks */ = {isa = PBXBuildFile; fileRef = 804708D521A9EFB3008F2843 /* Sparkle.framework */; settings = {ATTRIBUTES = (CodeSignOnCopy, RemoveHeadersOnCopy, ); }; };
		804708DC21A9F039008F2843 /* Sparkle.framework.dSYM in CopyFiles */ = {isa = PBXBuildFile; fileRef = 804708DB21A9F038008F2843 /* Sparkle.framework.dSYM */; };
		804C398E217C9A2600576BFD /* Credits.rtf in Resources */ = {isa = PBXBuildFile; fileRef = 804C398D217C9A2600576BFD /* Credits.rtf */; };
		804C3991217CD24700576BFD /* AboutWindowController.swift in Sources */ = {isa = PBXBuildFile; fileRef = 804C3990217CD24700576BFD /* AboutWindowController.swift */; };
		804C3993217CD6D600576BFD /* AboutViewController.swift in Sources */ = {isa = PBXBuildFile; fileRef = 804C3992217CD6D600576BFD /* AboutViewController.swift */; };
		804E3D5021713D1400BD1DA0 /* AppDelegate.swift in Sources */ = {isa = PBXBuildFile; fileRef = 804E3D4F21713D1400BD1DA0 /* AppDelegate.swift */; };
		804E3D5221713D1500BD1DA0 /* Assets.xcassets in Resources */ = {isa = PBXBuildFile; fileRef = 804E3D5121713D1500BD1DA0 /* Assets.xcassets */; };
		804E7FFE21977F5000A22D35 /* PiHoleConnectionResult.swift in Sources */ = {isa = PBXBuildFile; fileRef = 804E7FFD21977F5000A22D35 /* PiHoleConnectionResult.swift */; };
		804E800021977F7E00A22D35 /* PiHoleAction.swift in Sources */ = {isa = PBXBuildFile; fileRef = 804E7FFF21977F7E00A22D35 /* PiHoleAction.swift */; };
		804E800321977FBA00A22D35 /* Overview.png in Resources */ = {isa = PBXBuildFile; fileRef = 804E800221977FBA00A22D35 /* Overview.png */; };
		804E80062197810200A22D35 /* GeneralPreferences.png in Resources */ = {isa = PBXBuildFile; fileRef = 804E80042197810200A22D35 /* GeneralPreferences.png */; };
		804E80072197810200A22D35 /* ConnectionPreferences.png in Resources */ = {isa = PBXBuildFile; fileRef = 804E80052197810200A22D35 /* ConnectionPreferences.png */; };
		805F21F4217E1BAF00F12C6E /* LICENSE in Resources */ = {isa = PBXBuildFile; fileRef = 805F21F3217E1BAF00F12C6E /* LICENSE */; };
		80CA0040217260DA00CC9FB6 /* PreferencesWindowController.swift in Sources */ = {isa = PBXBuildFile; fileRef = 80CA003F217260DA00CC9FB6 /* PreferencesWindowController.swift */; };
		80CA005321729EF800CC9FB6 /* ConnectionPreferencesViewController.swift in Sources */ = {isa = PBXBuildFile; fileRef = 80CA005221729EF800CC9FB6 /* ConnectionPreferencesViewController.swift */; };
		80ECF9AD217BC3E500879DA2 /* MainMenu.xib in Resources */ = {isa = PBXBuildFile; fileRef = 80ECF9AC217BC3E500879DA2 /* MainMenu.xib */; };
		80ECF9B0217BCE9400879DA2 /* MainMenuController.swift in Sources */ = {isa = PBXBuildFile; fileRef = 80ECF9AF217BCE9400879DA2 /* MainMenuController.swift */; };
/* End PBXBuildFile section */

/* Begin PBXCopyFilesBuildPhase section */
		804708D821A9EFB3008F2843 /* Embed Frameworks */ = {
			isa = PBXCopyFilesBuildPhase;
			buildActionMask = 2147483647;
			dstPath = "";
			dstSubfolderSpec = 10;
			files = (
				804708D721A9EFB3008F2843 /* Sparkle.framework in Embed Frameworks */,
			);
			name = "Embed Frameworks";
			runOnlyForDeploymentPostprocessing = 0;
		};
		804708DA21A9F007008F2843 /* CopyFiles */ = {
			isa = PBXCopyFilesBuildPhase;
			buildActionMask = 2147483647;
			dstPath = "";
			dstSubfolderSpec = 16;
			files = (
				804708DC21A9F039008F2843 /* Sparkle.framework.dSYM in CopyFiles */,
			);
			runOnlyForDeploymentPostprocessing = 0;
		};
/* End PBXCopyFilesBuildPhase section */

/* Begin PBXFileReference section */
		800A2FFA217D3038002EC725 /* README.md */ = {isa = PBXFileReference; fileEncoding = 4; lastKnownFileType = net.daringfireball.markdown; path = README.md; sourceTree = "<group>"; };
		803305692171429100132604 /* GeneralPreferencesViewController.swift */ = {isa = PBXFileReference; lastKnownFileType = sourcecode.swift; path = GeneralPreferencesViewController.swift; sourceTree = "<group>"; };
		8033056B217152AE00132604 /* Preferences.swift */ = {isa = PBXFileReference; lastKnownFileType = sourcecode.swift; path = Preferences.swift; sourceTree = "<group>"; };
		8033056D2171649C00132604 /* ColoredStatusView.swift */ = {isa = PBXFileReference; lastKnownFileType = sourcecode.swift; path = ColoredStatusView.swift; sourceTree = "<group>"; };
		8033056F2171796B00132604 /* PiHoleProxy.swift */ = {isa = PBXFileReference; lastKnownFileType = sourcecode.swift; name = PiHoleProxy.swift; path = "Shortcuts for Pi-hole/Tools/PiHoleProxy.swift"; sourceTree = SOURCE_ROOT; };
		803305712171882E00132604 /* Shortcuts for Pi-hole.entitlements */ = {isa = PBXFileReference; lastKnownFileType = text.plist.entitlements; path = "Shortcuts for Pi-hole.entitlements"; sourceTree = "<group>"; };
		8046492021725E3A0028E457 /* Main.storyboard */ = {isa = PBXFileReference; lastKnownFileType = file.storyboard; path = Main.storyboard; sourceTree = "<group>"; };
		804708D521A9EFB3008F2843 /* Sparkle.framework */ = {isa = PBXFileReference; lastKnownFileType = wrapper.framework; name = Sparkle.framework; path = Carthage/Build/Mac/Sparkle.framework; sourceTree = "<group>"; };
		804708DB21A9F038008F2843 /* Sparkle.framework.dSYM */ = {isa = PBXFileReference; lastKnownFileType = wrapper.dsym; name = Sparkle.framework.dSYM; path = Carthage/Build/Mac/Sparkle.framework.dSYM; sourceTree = "<group>"; };
		804C398D217C9A2600576BFD /* Credits.rtf */ = {isa = PBXFileReference; fileEncoding = 4; lastKnownFileType = text.rtf; path = Credits.rtf; sourceTree = "<group>"; };
		804C3990217CD24700576BFD /* AboutWindowController.swift */ = {isa = PBXFileReference; lastKnownFileType = sourcecode.swift; path = AboutWindowController.swift; sourceTree = "<group>"; };
		804C3992217CD6D600576BFD /* AboutViewController.swift */ = {isa = PBXFileReference; lastKnownFileType = sourcecode.swift; path = AboutViewController.swift; sourceTree = "<group>"; };
		804E3D4C21713D1400BD1DA0 /* Shortcuts for Pi-hole.app */ = {isa = PBXFileReference; explicitFileType = wrapper.application; includeInIndex = 0; path = "Shortcuts for Pi-hole.app"; sourceTree = BUILT_PRODUCTS_DIR; };
		804E3D4F21713D1400BD1DA0 /* AppDelegate.swift */ = {isa = PBXFileReference; lastKnownFileType = sourcecode.swift; path = AppDelegate.swift; sourceTree = "<group>"; };
		804E3D5121713D1500BD1DA0 /* Assets.xcassets */ = {isa = PBXFileReference; lastKnownFileType = folder.assetcatalog; path = Assets.xcassets; sourceTree = "<group>"; };
		804E3D5621713D1500BD1DA0 /* Info.plist */ = {isa = PBXFileReference; lastKnownFileType = text.plist.xml; path = Info.plist; sourceTree = "<group>"; };
		804E7FFD21977F5000A22D35 /* PiHoleConnectionResult.swift */ = {isa = PBXFileReference; lastKnownFileType = sourcecode.swift; path = PiHoleConnectionResult.swift; sourceTree = "<group>"; };
		804E7FFF21977F7E00A22D35 /* PiHoleAction.swift */ = {isa = PBXFileReference; lastKnownFileType = sourcecode.swift; path = PiHoleAction.swift; sourceTree = "<group>"; };
		804E800221977FBA00A22D35 /* Overview.png */ = {isa = PBXFileReference; lastKnownFileType = image.png; path = Overview.png; sourceTree = "<group>"; };
		804E80042197810200A22D35 /* GeneralPreferences.png */ = {isa = PBXFileReference; lastKnownFileType = image.png; path = GeneralPreferences.png; sourceTree = "<group>"; };
		804E80052197810200A22D35 /* ConnectionPreferences.png */ = {isa = PBXFileReference; lastKnownFileType = image.png; path = ConnectionPreferences.png; sourceTree = "<group>"; };
		805F21F3217E1BAF00F12C6E /* LICENSE */ = {isa = PBXFileReference; lastKnownFileType = text; path = LICENSE; sourceTree = "<group>"; };
		80CA003F217260DA00CC9FB6 /* PreferencesWindowController.swift */ = {isa = PBXFileReference; lastKnownFileType = sourcecode.swift; path = PreferencesWindowController.swift; sourceTree = "<group>"; };
		80CA005221729EF800CC9FB6 /* ConnectionPreferencesViewController.swift */ = {isa = PBXFileReference; lastKnownFileType = sourcecode.swift; path = ConnectionPreferencesViewController.swift; sourceTree = "<group>"; };
		80ECF9AC217BC3E500879DA2 /* MainMenu.xib */ = {isa = PBXFileReference; lastKnownFileType = file.xib; path = MainMenu.xib; sourceTree = "<group>"; };
		80ECF9AF217BCE9400879DA2 /* MainMenuController.swift */ = {isa = PBXFileReference; lastKnownFileType = sourcecode.swift; path = MainMenuController.swift; sourceTree = "<group>"; };
/* End PBXFileReference section */

/* Begin PBXFrameworksBuildPhase section */
		804E3D4921713D1400BD1DA0 /* Frameworks */ = {
			isa = PBXFrameworksBuildPhase;
			buildActionMask = 2147483647;
			files = (
				804708D621A9EFB3008F2843 /* Sparkle.framework in Frameworks */,
			);
			runOnlyForDeploymentPostprocessing = 0;
		};
/* End PBXFrameworksBuildPhase section */

/* Begin PBXGroup section */
		8046491B2172597A0028E457 /* Preferences */ = {
			isa = PBXGroup;
			children = (
				8033056B217152AE00132604 /* Preferences.swift */,
				8033056D2171649C00132604 /* ColoredStatusView.swift */,
				80CA003F217260DA00CC9FB6 /* PreferencesWindowController.swift */,
				803305692171429100132604 /* GeneralPreferencesViewController.swift */,
				80CA005221729EF800CC9FB6 /* ConnectionPreferencesViewController.swift */,
			);
			path = Preferences;
			sourceTree = "<group>";
		};
		804C398F217CC62700576BFD /* About */ = {
			isa = PBXGroup;
			children = (
				804C3990217CD24700576BFD /* AboutWindowController.swift */,
				804C3992217CD6D600576BFD /* AboutViewController.swift */,
			);
			path = About;
			sourceTree = "<group>";
		};
		804C3997217D251100576BFD /* Tools */ = {
			isa = PBXGroup;
			children = (
				8033056F2171796B00132604 /* PiHoleProxy.swift */,
				804E7FFD21977F5000A22D35 /* PiHoleConnectionResult.swift */,
				804E7FFF21977F7E00A22D35 /* PiHoleAction.swift */,
			);
			path = Tools;
			sourceTree = "<group>";
		};
		804E3D4321713D1400BD1DA0 = {
			isa = PBXGroup;
			children = (
				804708DB21A9F038008F2843 /* Sparkle.framework.dSYM */,
				804708D521A9EFB3008F2843 /* Sparkle.framework */,
				804E800121977FBA00A22D35 /* Screenshots */,
				805F21F3217E1BAF00F12C6E /* LICENSE */,
				800A2FFA217D3038002EC725 /* README.md */,
				804E3D4E21713D1400BD1DA0 /* Shortcuts for Pi-hole */,
				804E3D4D21713D1400BD1DA0 /* Products */,
			);
			sourceTree = "<group>";
		};
		804E3D4D21713D1400BD1DA0 /* Products */ = {
			isa = PBXGroup;
			children = (
				804E3D4C21713D1400BD1DA0 /* Shortcuts for Pi-hole.app */,
			);
			name = Products;
			sourceTree = "<group>";
		};
		804E3D4E21713D1400BD1DA0 /* Shortcuts for Pi-hole */ = {
			isa = PBXGroup;
			children = (
				804C3997217D251100576BFD /* Tools */,
				804C398F217CC62700576BFD /* About */,
				8046491B2172597A0028E457 /* Preferences */,
				80ECF9AE217BCD6700879DA2 /* Main */,
				803305712171882E00132604 /* Shortcuts for Pi-hole.entitlements */,
				804E3D4F21713D1400BD1DA0 /* AppDelegate.swift */,
				804E3D5121713D1500BD1DA0 /* Assets.xcassets */,
				804E3D5621713D1500BD1DA0 /* Info.plist */,
				804C398D217C9A2600576BFD /* Credits.rtf */,
			);
			path = "Shortcuts for Pi-hole";
			sourceTree = "<group>";
		};
		804E800121977FBA00A22D35 /* Screenshots */ = {
			isa = PBXGroup;
			children = (
				804E80052197810200A22D35 /* ConnectionPreferences.png */,
				804E80042197810200A22D35 /* GeneralPreferences.png */,
				804E800221977FBA00A22D35 /* Overview.png */,
			);
			path = Screenshots;
			sourceTree = "<group>";
		};
		80ECF9AE217BCD6700879DA2 /* Main */ = {
			isa = PBXGroup;
			children = (
				8046492021725E3A0028E457 /* Main.storyboard */,
				80ECF9AC217BC3E500879DA2 /* MainMenu.xib */,
				80ECF9AF217BCE9400879DA2 /* MainMenuController.swift */,
			);
			path = Main;
			sourceTree = "<group>";
		};
/* End PBXGroup section */

/* Begin PBXNativeTarget section */
		804E3D4B21713D1400BD1DA0 /* Shortcuts for Pi-hole */ = {
			isa = PBXNativeTarget;
			buildConfigurationList = 804E3D5A21713D1500BD1DA0 /* Build configuration list for PBXNativeTarget "Shortcuts for Pi-hole" */;
			buildPhases = (
				804E3D4821713D1400BD1DA0 /* Sources */,
				804E3D4921713D1400BD1DA0 /* Frameworks */,
				804E3D4A21713D1400BD1DA0 /* Resources */,
				804708D821A9EFB3008F2843 /* Embed Frameworks */,
				804708DA21A9F007008F2843 /* CopyFiles */,
			);
			buildRules = (
			);
			dependencies = (
			);
			name = "Shortcuts for Pi-hole";
			productName = "Shortcuts for Pi-hole";
			productReference = 804E3D4C21713D1400BD1DA0 /* Shortcuts for Pi-hole.app */;
			productType = "com.apple.product-type.application";
		};
/* End PBXNativeTarget section */

/* Begin PBXProject section */
		804E3D4421713D1400BD1DA0 /* Project object */ = {
			isa = PBXProject;
			attributes = {
				LastSwiftUpdateCheck = 1000;
				LastUpgradeCheck = 1000;
				ORGANIZATIONNAME = "Lukas Wolfsteiner";
				TargetAttributes = {
					804E3D4B21713D1400BD1DA0 = {
						CreatedOnToolsVersion = 10.0;
						SystemCapabilities = {
							com.apple.Sandbox = {
								enabled = 1;
							};
						};
					};
				};
			};
			buildConfigurationList = 804E3D4721713D1400BD1DA0 /* Build configuration list for PBXProject "Shortcuts for Pi-hole" */;
			compatibilityVersion = "Xcode 9.3";
			developmentRegion = en;
			hasScannedForEncodings = 0;
			knownRegions = (
				en,
				Base,
			);
			mainGroup = 804E3D4321713D1400BD1DA0;
			productRefGroup = 804E3D4D21713D1400BD1DA0 /* Products */;
			projectDirPath = "";
			projectRoot = "";
			targets = (
				804E3D4B21713D1400BD1DA0 /* Shortcuts for Pi-hole */,
			);
		};
/* End PBXProject section */

/* Begin PBXResourcesBuildPhase section */
		804E3D4A21713D1400BD1DA0 /* Resources */ = {
			isa = PBXResourcesBuildPhase;
			buildActionMask = 2147483647;
			files = (
				805F21F4217E1BAF00F12C6E /* LICENSE in Resources */,
				804E80062197810200A22D35 /* GeneralPreferences.png in Resources */,
				804E800321977FBA00A22D35 /* Overview.png in Resources */,
				80ECF9AD217BC3E500879DA2 /* MainMenu.xib in Resources */,
				804E3D5221713D1500BD1DA0 /* Assets.xcassets in Resources */,
				800A2FFB217D3038002EC725 /* README.md in Resources */,
				8046492121725E3A0028E457 /* Main.storyboard in Resources */,
				804C398E217C9A2600576BFD /* Credits.rtf in Resources */,
				804E80072197810200A22D35 /* ConnectionPreferences.png in Resources */,
			);
			runOnlyForDeploymentPostprocessing = 0;
		};
/* End PBXResourcesBuildPhase section */

/* Begin PBXSourcesBuildPhase section */
		804E3D4821713D1400BD1DA0 /* Sources */ = {
			isa = PBXSourcesBuildPhase;
			buildActionMask = 2147483647;
			files = (
				803305702171796B00132604 /* PiHoleProxy.swift in Sources */,
				8033056C217152AE00132604 /* Preferences.swift in Sources */,
				80ECF9B0217BCE9400879DA2 /* MainMenuController.swift in Sources */,
				80CA0040217260DA00CC9FB6 /* PreferencesWindowController.swift in Sources */,
				804E800021977F7E00A22D35 /* PiHoleAction.swift in Sources */,
				8033056E2171649C00132604 /* ColoredStatusView.swift in Sources */,
				804E7FFE21977F5000A22D35 /* PiHoleConnectionResult.swift in Sources */,
				8033056A2171429100132604 /* GeneralPreferencesViewController.swift in Sources */,
				804C3991217CD24700576BFD /* AboutWindowController.swift in Sources */,
				80CA005321729EF800CC9FB6 /* ConnectionPreferencesViewController.swift in Sources */,
				804C3993217CD6D600576BFD /* AboutViewController.swift in Sources */,
				804E3D5021713D1400BD1DA0 /* AppDelegate.swift in Sources */,
			);
			runOnlyForDeploymentPostprocessing = 0;
		};
/* End PBXSourcesBuildPhase section */

/* Begin XCBuildConfiguration section */
		804E3D5821713D1500BD1DA0 /* Debug */ = {
			isa = XCBuildConfiguration;
			buildSettings = {
				ALWAYS_SEARCH_USER_PATHS = NO;
				CLANG_ANALYZER_NONNULL = YES;
				CLANG_ANALYZER_NUMBER_OBJECT_CONVERSION = YES_AGGRESSIVE;
				CLANG_CXX_LANGUAGE_STANDARD = "gnu++14";
				CLANG_CXX_LIBRARY = "libc++";
				CLANG_ENABLE_MODULES = YES;
				CLANG_ENABLE_OBJC_ARC = YES;
				CLANG_ENABLE_OBJC_WEAK = YES;
				CLANG_WARN_BLOCK_CAPTURE_AUTORELEASING = YES;
				CLANG_WARN_BOOL_CONVERSION = YES;
				CLANG_WARN_COMMA = YES;
				CLANG_WARN_CONSTANT_CONVERSION = YES;
				CLANG_WARN_DEPRECATED_OBJC_IMPLEMENTATIONS = YES;
				CLANG_WARN_DIRECT_OBJC_ISA_USAGE = YES_ERROR;
				CLANG_WARN_DOCUMENTATION_COMMENTS = YES;
				CLANG_WARN_EMPTY_BODY = YES;
				CLANG_WARN_ENUM_CONVERSION = YES;
				CLANG_WARN_INFINITE_RECURSION = YES;
				CLANG_WARN_INT_CONVERSION = YES;
				CLANG_WARN_NON_LITERAL_NULL_CONVERSION = YES;
				CLANG_WARN_OBJC_IMPLICIT_RETAIN_SELF = YES;
				CLANG_WARN_OBJC_LITERAL_CONVERSION = YES;
				CLANG_WARN_OBJC_ROOT_CLASS = YES_ERROR;
				CLANG_WARN_RANGE_LOOP_ANALYSIS = YES;
				CLANG_WARN_STRICT_PROTOTYPES = YES;
				CLANG_WARN_SUSPICIOUS_MOVE = YES;
				CLANG_WARN_UNGUARDED_AVAILABILITY = YES_AGGRESSIVE;
				CLANG_WARN_UNREACHABLE_CODE = YES;
				CLANG_WARN__DUPLICATE_METHOD_MATCH = YES;
				CODE_SIGN_IDENTITY = "Mac Developer";
				COPY_PHASE_STRIP = NO;
				DEBUG_INFORMATION_FORMAT = dwarf;
				ENABLE_STRICT_OBJC_MSGSEND = YES;
				ENABLE_TESTABILITY = YES;
				GCC_C_LANGUAGE_STANDARD = gnu11;
				GCC_DYNAMIC_NO_PIC = NO;
				GCC_NO_COMMON_BLOCKS = YES;
				GCC_OPTIMIZATION_LEVEL = 0;
				GCC_PREPROCESSOR_DEFINITIONS = (
					"DEBUG=1",
					"$(inherited)",
				);
				GCC_WARN_64_TO_32_BIT_CONVERSION = YES;
				GCC_WARN_ABOUT_RETURN_TYPE = YES_ERROR;
				GCC_WARN_UNDECLARED_SELECTOR = YES;
				GCC_WARN_UNINITIALIZED_AUTOS = YES_AGGRESSIVE;
				GCC_WARN_UNUSED_FUNCTION = YES;
				GCC_WARN_UNUSED_VARIABLE = YES;
				MACOSX_DEPLOYMENT_TARGET = 10.14;
				MTL_ENABLE_DEBUG_INFO = INCLUDE_SOURCE;
				MTL_FAST_MATH = YES;
				ONLY_ACTIVE_ARCH = YES;
				SDKROOT = macosx;
				SWIFT_ACTIVE_COMPILATION_CONDITIONS = DEBUG;
				SWIFT_OPTIMIZATION_LEVEL = "-Onone";
			};
			name = Debug;
		};
		804E3D5921713D1500BD1DA0 /* Release */ = {
			isa = XCBuildConfiguration;
			buildSettings = {
				ALWAYS_SEARCH_USER_PATHS = NO;
				CLANG_ANALYZER_NONNULL = YES;
				CLANG_ANALYZER_NUMBER_OBJECT_CONVERSION = YES_AGGRESSIVE;
				CLANG_CXX_LANGUAGE_STANDARD = "gnu++14";
				CLANG_CXX_LIBRARY = "libc++";
				CLANG_ENABLE_MODULES = YES;
				CLANG_ENABLE_OBJC_ARC = YES;
				CLANG_ENABLE_OBJC_WEAK = YES;
				CLANG_WARN_BLOCK_CAPTURE_AUTORELEASING = YES;
				CLANG_WARN_BOOL_CONVERSION = YES;
				CLANG_WARN_COMMA = YES;
				CLANG_WARN_CONSTANT_CONVERSION = YES;
				CLANG_WARN_DEPRECATED_OBJC_IMPLEMENTATIONS = YES;
				CLANG_WARN_DIRECT_OBJC_ISA_USAGE = YES_ERROR;
				CLANG_WARN_DOCUMENTATION_COMMENTS = YES;
				CLANG_WARN_EMPTY_BODY = YES;
				CLANG_WARN_ENUM_CONVERSION = YES;
				CLANG_WARN_INFINITE_RECURSION = YES;
				CLANG_WARN_INT_CONVERSION = YES;
				CLANG_WARN_NON_LITERAL_NULL_CONVERSION = YES;
				CLANG_WARN_OBJC_IMPLICIT_RETAIN_SELF = YES;
				CLANG_WARN_OBJC_LITERAL_CONVERSION = YES;
				CLANG_WARN_OBJC_ROOT_CLASS = YES_ERROR;
				CLANG_WARN_RANGE_LOOP_ANALYSIS = YES;
				CLANG_WARN_STRICT_PROTOTYPES = YES;
				CLANG_WARN_SUSPICIOUS_MOVE = YES;
				CLANG_WARN_UNGUARDED_AVAILABILITY = YES_AGGRESSIVE;
				CLANG_WARN_UNREACHABLE_CODE = YES;
				CLANG_WARN__DUPLICATE_METHOD_MATCH = YES;
				CODE_SIGN_IDENTITY = "Mac Developer";
				COPY_PHASE_STRIP = NO;
				DEBUG_INFORMATION_FORMAT = "dwarf-with-dsym";
				ENABLE_NS_ASSERTIONS = NO;
				ENABLE_STRICT_OBJC_MSGSEND = YES;
				GCC_C_LANGUAGE_STANDARD = gnu11;
				GCC_NO_COMMON_BLOCKS = YES;
				GCC_WARN_64_TO_32_BIT_CONVERSION = YES;
				GCC_WARN_ABOUT_RETURN_TYPE = YES_ERROR;
				GCC_WARN_UNDECLARED_SELECTOR = YES;
				GCC_WARN_UNINITIALIZED_AUTOS = YES_AGGRESSIVE;
				GCC_WARN_UNUSED_FUNCTION = YES;
				GCC_WARN_UNUSED_VARIABLE = YES;
				MACOSX_DEPLOYMENT_TARGET = 10.14;
				MTL_ENABLE_DEBUG_INFO = NO;
				MTL_FAST_MATH = YES;
				SDKROOT = macosx;
				SWIFT_COMPILATION_MODE = wholemodule;
				SWIFT_OPTIMIZATION_LEVEL = "-O";
			};
			name = Release;
		};
		804E3D5B21713D1500BD1DA0 /* Debug */ = {
			isa = XCBuildConfiguration;
			buildSettings = {
				ASSETCATALOG_COMPILER_APPICON_NAME = AppIcon;
				CODE_SIGN_ENTITLEMENTS = "Shortcuts for Pi-hole/Shortcuts for Pi-hole.entitlements";
				CODE_SIGN_IDENTITY = "Mac Developer";
				CODE_SIGN_STYLE = Automatic;
				COMBINE_HIDPI_IMAGES = YES;
				DEVELOPMENT_TEAM = 4EGEDRDDUV;
				FRAMEWORK_SEARCH_PATHS = (
					"$(inherited)",
					"$(PROJECT_DIR)/Carthage/Build/Mac",
				);
				INFOPLIST_FILE = "Shortcuts for Pi-hole/Info.plist";
				LD_RUNPATH_SEARCH_PATHS = (
					"$(inherited)",
					"@executable_path/../Frameworks",
				);
				PRODUCT_BUNDLE_IDENTIFIER = "de.dotwee.Shortcuts-for-Pi-hole";
				PRODUCT_NAME = "$(TARGET_NAME)";
				PROVISIONING_PROFILE_SPECIFIER = "";
				SWIFT_VERSION = 4.2;
			};
			name = Debug;
		};
		804E3D5C21713D1500BD1DA0 /* Release */ = {
			isa = XCBuildConfiguration;
			buildSettings = {
				ASSETCATALOG_COMPILER_APPICON_NAME = AppIcon;
				CODE_SIGN_ENTITLEMENTS = "Shortcuts for Pi-hole/Shortcuts for Pi-hole.entitlements";
				CODE_SIGN_IDENTITY = "3rd Party Mac Developer Application";
				CODE_SIGN_STYLE = Automatic;
				COMBINE_HIDPI_IMAGES = YES;
				DEVELOPMENT_TEAM = 4EGEDRDDUV;
				FRAMEWORK_SEARCH_PATHS = (
					"$(inherited)",
					"$(PROJECT_DIR)/Carthage/Build/Mac",
				);
				INFOPLIST_FILE = "Shortcuts for Pi-hole/Info.plist";
				LD_RUNPATH_SEARCH_PATHS = (
					"$(inherited)",
					"@executable_path/../Frameworks",
				);
				PRODUCT_BUNDLE_IDENTIFIER = "de.dotwee.Shortcuts-for-Pi-hole";
				PRODUCT_NAME = "$(TARGET_NAME)";
				PROVISIONING_PROFILE_SPECIFIER = "";
				SWIFT_VERSION = 4.2;
			};
			name = Release;
		};
/* End XCBuildConfiguration section */

/* Begin XCConfigurationList section */
		804E3D4721713D1400BD1DA0 /* Build configuration list for PBXProject "Shortcuts for Pi-hole" */ = {
			isa = XCConfigurationList;
			buildConfigurations = (
				804E3D5821713D1500BD1DA0 /* Debug */,
				804E3D5921713D1500BD1DA0 /* Release */,
			);
			defaultConfigurationIsVisible = 0;
			defaultConfigurationName = Release;
		};
		804E3D5A21713D1500BD1DA0 /* Build configuration list for PBXNativeTarget "Shortcuts for Pi-hole" */ = {
			isa = XCConfigurationList;
			buildConfigurations = (
				804E3D5B21713D1500BD1DA0 /* Debug */,
				804E3D5C21713D1500BD1DA0 /* Release */,
			);
			defaultConfigurationIsVisible = 0;
			defaultConfigurationName = Release;
		};
/* End XCConfigurationList section */
	};
	rootObject = 804E3D4421713D1400BD1DA0 /* Project object */;
}
